
Microsoft Visual Studio Solution File, Format Version 12.00
# Visual Studio Version 17
VisualStudioVersion = 17.1.32210.238
MinimumVisualStudioVersion = 10.0.40219.1
Project("{9092AA53-FB77-4645-B42D-1CCCA6BD08BD}") = "DenzariuSite", "DenzariuSite\DenzariuSite.njsproj", "{E847DA04-DBE1-4DB9-A1B8-463ED96C5486}"
EndProject
Global
	GlobalSection(SolutionConfigurationPlatforms) = preSolution
		Debug|Any CPU = Debug|Any CPU
		Release|Any CPU = Release|Any CPU
	EndGlobalSection
	GlobalSection(ProjectConfigurationPlatforms) = postSolution
		{E847DA04-DBE1-4DB9-A1B8-463ED96C5486}.Debug|Any CPU.ActiveCfg = Debug|Any CPU
		{E847DA04-DBE1-4DB9-A1B8-463ED96C5486}.Debug|Any CPU.Build.0 = Debug|Any CPU
		{E847DA04-DBE1-4DB9-A1B8-463ED96C5486}.Release|Any CPU.ActiveCfg = Release|Any CPU
		{E847DA04-DBE1-4DB9-A1B8-463ED96C5486}.Release|Any CPU.Build.0 = Release|Any CPU
	EndGlobalSection
	GlobalSection(SolutionProperties) = preSolution
		HideSolutionNode = FALSE
	EndGlobalSection
	GlobalSection(ExtensibilityGlobals) = postSolution
		SolutionGuid = {1B91354E-97CA-461B-A878-6BC38BC5657D}
	EndGlobalSection
EndGlobal
